
Microsoft Visual Studio Solution File, Format Version 11.00
# Visual C++ Express 2010
Project("{8BC9CEB8-8B4A-11D0-8D11-00A0C91BC942}") = "HM-002", "HM-002\HM-002.vcxproj", "{09C299CD-1F96-4C32-81B8-BFC2ABCE6D15}"
EndProject
Global
	GlobalSection(SolutionConfigurationPlatforms) = preSolution
		Debug|Win32 = Debug|Win32
		Release|Win32 = Release|Win32
	EndGlobalSection
	GlobalSection(ProjectConfigurationPlatforms) = postSolution
		{09C299CD-1F96-4C32-81B8-BFC2ABCE6D15}.Debug|Win32.ActiveCfg = Debug|Win32
		{09C299CD-1F96-4C32-81B8-BFC2ABCE6D15}.Debug|Win32.Build.0 = Debug|Win32
		{09C299CD-1F96-4C32-81B8-BFC2ABCE6D15}.Release|Win32.ActiveCfg = Release|Win32
		{09C299CD-1F96-4C32-81B8-BFC2ABCE6D15}.Release|Win32.Build.0 = Release|Win32
	EndGlobalSection
	GlobalSection(SolutionProperties) = preSolution
		HideSolutionNode = FALSE
	EndGlobalSection
EndGlobal
