<?xml version="1.0" encoding="utf-8"?>
<Project ToolsVersion="4.0" xmlns="http://schemas.microsoft.com/developer/msbuild/2003">
  <ItemGroup>
    <Filter Include="Source Files">
      <UniqueIdentifier>{4FC737F1-C7A5-4376-A066-2A32D752A2FF}</UniqueIdentifier>
      <Extensions>cpp;c;cc;cxx;def;odl;idl;hpj;bat;asm;asmx</Extensions>
    </Filter>
    <Filter Include="Header Files">
      <UniqueIdentifier>{93995380-89BD-4b04-88EB-625FBE52EBFB}</UniqueIdentifier>
      <Extensions>h;hpp;hxx;hm;inl;inc;xsd</Extensions>
    </Filter>
    <Filter Include="Resource Files">
      <UniqueIdentifier>{67DA6AB6-F800-4c08-8B7A-83BB121AAD01}</UniqueIdentifier>
      <Extensions>rc;ico;cur;bmp;dlg;rc2;rct;bin;rgs;gif;jpg;jpeg;jpe;resx;tiff;tif;png;wav;mfcribbon-ms</Extensions>
    </Filter>
    <Filter Include="Source Files\render">
      <UniqueIdentifier>{24e792ca-fe82-4905-b3d0-92a4fa71c0a7}</UniqueIdentifier>
    </Filter>
    <Filter Include="Source Files\update">
      <UniqueIdentifier>{bb8ec2b2-123a-466e-8eab-70db30da9626}</UniqueIdentifier>
    </Filter>
    <Filter Include="Header Files\render">
      <UniqueIdentifier>{01808ac9-da2d-4c95-aa3f-7a602deb3059}</UniqueIdentifier>
    </Filter>
    <Filter Include="Header Files\update">
      <UniqueIdentifier>{ca17529c-a6cd-42f4-abd9-f4491476784f}</UniqueIdentifier>
    </Filter>
    <Filter Include="Resource Files\shader">
      <UniqueIdentifier>{a898c3e8-b74c-41ba-b0cd-f2ff7b609d15}</UniqueIdentifier>
    </Filter>
    <Filter Include="Header Files\update\world">
      <UniqueIdentifier>{233cf5b2-e9fe-46d8-8008-9b1c5bcce1ab}</UniqueIdentifier>
    </Filter>
    <Filter Include="Source Files\update\world">
      <UniqueIdentifier>{defdb2d1-2113-46b0-ac5d-2bae534680d2}</UniqueIdentifier>
    </Filter>
    <Filter Include="Header Files\macros">
      <UniqueIdentifier>{556d893d-d844-4116-88b7-4823f91fceb2}</UniqueIdentifier>
    </Filter>
    <Filter Include="Source Files\render\texture">
      <UniqueIdentifier>{e8a2d7bd-9ad0-4209-adb1-cde8d613e532}</UniqueIdentifier>
    </Filter>
    <Filter Include="Header Files\render\texture">
      <UniqueIdentifier>{3ad8da0d-20f1-4f94-916b-cee529985755}</UniqueIdentifier>
    </Filter>
    <Filter Include="Resource Files\xml">
      <UniqueIdentifier>{3311427d-d071-47ad-bfb7-f50270cc8507}</UniqueIdentifier>
    </Filter>
    <Filter Include="Resource Files\textures">
      <UniqueIdentifier>{f5a62d06-10dd-4ab4-9923-78e44cd93dc3}</UniqueIdentifier>
    </Filter>
    <Filter Include="Header Files\update\world\chunk">
      <UniqueIdentifier>{8a543188-b8a0-451a-8bba-7e6555aaa939}</UniqueIdentifier>
    </Filter>
    <Filter Include="Source Files\update\world\chunk">
      <UniqueIdentifier>{4637c156-ebc8-4ea2-8605-b1e65e1213a6}</UniqueIdentifier>
    </Filter>
  </ItemGroup>
  <ItemGroup>
    <ClCompile Include="Main.cpp">
      <Filter>Source Files</Filter>
    </ClCompile>
    <ClCompile Include="Handler.cpp">
      <Filter>Source Files\Render</Filter>
    </ClCompile>
    <ClCompile Include="Buffer.cpp">
      <Filter>Source Files\Render</Filter>
    </ClCompile>
    <ClCompile Include="Matrices.cpp">
      <Filter>Source Files\Render</Filter>
    </ClCompile>
    <ClCompile Include="Shader.cpp">
      <Filter>Source Files\Render</Filter>
    </ClCompile>
    <ClCompile Include="State.cpp">
      <Filter>Source Files\update</Filter>
    </ClCompile>
    <ClCompile Include="Entity.cpp">
      <Filter>Source Files\update</Filter>
    </ClCompile>
    <ClCompile Include="Player.cpp">
      <Filter>Source Files\update</Filter>
    </ClCompile>
    <ClCompile Include="Input.cpp">
      <Filter>Source Files\update</Filter>
    </ClCompile>
    <ClCompile Include="Camera.cpp">
      <Filter>Source Files\update</Filter>
    </ClCompile>
    <ClCompile Include="Block.cpp">
      <Filter>Source Files\update\world</Filter>
    </ClCompile>
    <ClCompile Include="Chunk.cpp">
      <Filter>Source Files\update\world</Filter>
    </ClCompile>
    <ClCompile Include="World.cpp">
      <Filter>Source Files\update</Filter>
    </ClCompile>
    <ClCompile Include="Loader.cpp">
      <Filter>Source Files\render\texture</Filter>
    </ClCompile>
    <ClCompile Include="Provider.cpp">
      <Filter>Source Files\update\world\chunk</Filter>
    </ClCompile>
    <ClCompile Include="Generator.cpp">
      <Filter>Source Files\update\world\chunk</Filter>
    </ClCompile>
  </ItemGroup>
  <ItemGroup>
    <ClInclude Include="Base.h">
      <Filter>Header Files</Filter>
    </ClInclude>
    <ClInclude Include="Main.h">
      <Filter>Header Files</Filter>
    </ClInclude>
    <ClInclude Include="Entity.h">
      <Filter>Header Files\update</Filter>
    </ClInclude>
    <ClInclude Include="State.h">
      <Filter>Header Files\update</Filter>
    </ClInclude>
    <ClInclude Include="Handler.h">
      <Filter>Header Files\render</Filter>
    </ClInclude>
    <ClInclude Include="Matrices.h">
      <Filter>Header Files\render</Filter>
    </ClInclude>
    <ClInclude Include="Shader.h">
      <Filter>Header Files\render</Filter>
    </ClInclude>
    <ClInclude Include="Player.h">
      <Filter>Header Files\update</Filter>
    </ClInclude>
    <ClInclude Include="Input.h">
      <Filter>Header Files\update</Filter>
    </ClInclude>
    <ClInclude Include="Camera.h">
      <Filter>Header Files\update</Filter>
    </ClInclude>
    <ClInclude Include="Block.h">
      <Filter>Header Files\update\world</Filter>
    </ClInclude>
    <ClInclude Include="Chunk.h">
      <Filter>Header Files\update\world</Filter>
    </ClInclude>
    <ClInclude Include="World.h">
      <Filter>Header Files\update</Filter>
    </ClInclude>
    <ClInclude Include="WindowMacros.h">
      <Filter>Header Files\macros</Filter>
    </ClInclude>
    <ClInclude Include="WorldMacros.h">
      <Filter>Header Files\macros</Filter>
    </ClInclude>
    <ClInclude Include="ColorMacros.h">
      <Filter>Header Files\macros</Filter>
    </ClInclude>
    <ClInclude Include="Loader.h">
      <Filter>Header Files\render\texture</Filter>
    </ClInclude>
    <ClInclude Include="Buffer.h">
      <Filter>Header Files\render</Filter>
    </ClInclude>
    <ClInclude Include="OGLMacros.h">
      <Filter>Header Files\macros</Filter>
    </ClInclude>
    <ClInclude Include="Provider.h">
      <Filter>Header Files\update\world\chunk</Filter>
    </ClInclude>
    <ClInclude Include="Generator.h">
      <Filter>Header Files\update\world\chunk</Filter>
    </ClInclude>
  </ItemGroup>
  <ItemGroup>
    <None Include="shader.vert">
      <Filter>Resource Files\shader</Filter>
    </None>
    <None Include="shader.frag">
      <Filter>Resource Files\shader</Filter>
    </None>
    <None Include="texture_def.xml">
      <Filter>Resource Files\xml</Filter>
    </None>
    <None Include="block_def.xml">
      <Filter>Resource Files\xml</Filter>
    </None>
    <None Include="textures\block_dirt.tga">
      <Filter>Resource Files\textures</Filter>
    </None>
    <None Include="textures\block_grass_side.tga">
      <Filter>Resource Files\textures</Filter>
    </None>
    <None Include="textures\block_grass_top.tga">
      <Filter>Resource Files\textures</Filter>
    </None>
    <None Include="textures\block_rock.tga">
      <Filter>Resource Files\textures</Filter>
    </None>
    <None Include="textures\block_sand.tga">
      <Filter>Resource Files\textures</Filter>
    </None>
  </ItemGroup>
</Project>